<?xml version="1.0" encoding="utf-8"?>
<Project ToolsVersion="4.0" xmlns="http://schemas.microsoft.com/developer/msbuild/2003">
  <ItemGroup>
    <Filter Include="Source Files">
      <UniqueIdentifier>{4FC737F1-C7A5-4376-A066-2A32D752A2FF}</UniqueIdentifier>
      <Extensions>cpp;c;cc;cxx;def;odl;idl;hpj;bat;asm;asmx</Extensions>
    </Filter>
    <Filter Include="Resource Files">
      <UniqueIdentifier>{67DA6AB6-F800-4c08-8B7A-83BB121AAD01}</UniqueIdentifier>
      <Extensions>rc;ico;cur;bmp;dlg;rc2;rct;bin;rgs;gif;jpg;jpeg;jpe;resx;tiff;tif;png;wav;mfcribbon-ms</Extensions>
    </Filter>
    <Filter Include="Components">
      <UniqueIdentifier>{93995380-89BD-4b04-88EB-625FBE52EBFB}</UniqueIdentifier>
      <Extensions>h;hh;hpp;hxx;hm;inl;inc;xsd</Extensions>
    </Filter>
    <Filter Include="GameObject">
      <UniqueIdentifier>{8ad9f7e7-8d5b-4b37-b59d-864a98dccc0a}</UniqueIdentifier>
    </Filter>
    <Filter Include="Managers">
      <UniqueIdentifier>{b47d2ae5-6eca-4996-af3b-9e8766142bcf}</UniqueIdentifier>
    </Filter>
    <Filter Include="Helpers">
      <UniqueIdentifier>{6c63d394-c8ab-45e9-87db-658029dec318}</UniqueIdentifier>
    </Filter>
    <Filter Include="Rendering">
      <UniqueIdentifier>{03311519-0d7e-4fa5-ac34-e86732b9a77e}</UniqueIdentifier>
    </Filter>
    <Filter Include="Patterns">
      <UniqueIdentifier>{f34b4cb8-abfd-4126-a5f7-1cd5da1c7553}</UniqueIdentifier>
    </Filter>
  </ItemGroup>
  <ItemGroup>
    <ClInclude Include="Texture2D.h">
      <Filter>Components</Filter>
    </ClInclude>
    <ClInclude Include="Transform.h">
      <Filter>Components</Filter>
    </ClInclude>
    <ClInclude Include="Font.h">
      <Filter>Components</Filter>
    </ClInclude>
    <ClInclude Include="BaseComponent.h">
      <Filter>Components</Filter>
    </ClInclude>
    <ClInclude Include="TextComponent.h">
      <Filter>Components</Filter>
    </ClInclude>
    <ClInclude Include="GameObject.h">
      <Filter>GameObject</Filter>
    </ClInclude>
    <ClInclude Include="ResourceManager.h">
      <Filter>Managers</Filter>
    </ClInclude>
    <ClInclude Include="SceneManager.h">
      <Filter>Managers</Filter>
    </ClInclude>
    <ClInclude Include="InputManager.h">
      <Filter>Managers</Filter>
    </ClInclude>
    <ClInclude Include="Audio.h">
      <Filter>Components</Filter>
    </ClInclude>
    <ClInclude Include="Rigidbody.h">
      <Filter>Components</Filter>
    </ClInclude>
    <ClInclude Include="BoxCollider.h">
      <Filter>Components</Filter>
    </ClInclude>
    <ClInclude Include="BaseCollider.h">
      <Filter>Components</Filter>
    </ClInclude>
    <ClInclude Include="Structs.h">
      <Filter>GameObject</Filter>
    </ClInclude>
    <ClInclude Include="Spritesheet.h">
      <Filter>Components</Filter>
    </ClInclude>
    <ClInclude Include="BinaryReader.h">
      <Filter>Helpers</Filter>
    </ClInclude>
    <ClInclude Include="GameScene.h">
      <Filter>GameObject</Filter>
    </ClInclude>
    <ClInclude Include="Renderer.h">
      <Filter>Rendering</Filter>
    </ClInclude>
    <ClInclude Include="PhysicsDebugRenderer.h">
      <Filter>Rendering</Filter>
    </ClInclude>
    <ClInclude Include="Minigin.h">
      <Filter>Source Files</Filter>
    </ClInclude>
    <ClInclude Include="MiniginPCH.h">
      <Filter>Source Files</Filter>
    </ClInclude>
    <ClInclude Include="Singleton.h">
      <Filter>Patterns</Filter>
    </ClInclude>
    <ClInclude Include="Command.h">
      <Filter>Patterns</Filter>
    </ClInclude>
    <ClInclude Include="Notifier.h">
      <Filter>Patterns</Filter>
    </ClInclude>
    <ClInclude Include="Listener.h">
      <Filter>Patterns</Filter>
    </ClInclude>
  </ItemGroup>
  <ItemGroup>
    <ClCompile Include="MiniginPCH.cpp">
      <Filter>Source Files</Filter>
    </ClCompile>
    <ClCompile Include="Minigin.cpp">
      <Filter>Source Files</Filter>
    </ClCompile>
    <ClCompile Include="GameObject.cpp">
      <Filter>GameObject</Filter>
    </ClCompile>
    <ClCompile Include="InputManager.cpp">
      <Filter>Managers</Filter>
    </ClCompile>
    <ClCompile Include="ResourceManager.cpp">
      <Filter>Managers</Filter>
    </ClCompile>
    <ClCompile Include="SceneManager.cpp">
      <Filter>Managers</Filter>
    </ClCompile>
    <ClCompile Include="Transform.cpp">
      <Filter>Components</Filter>
    </ClCompile>
    <ClCompile Include="Texture2D.cpp">
      <Filter>Components</Filter>
    </ClCompile>
    <ClCompile Include="TextComponent.cpp">
      <Filter>Components</Filter>
    </ClCompile>
    <ClCompile Include="BaseComponent.cpp">
      <Filter>Components</Filter>
    </ClCompile>
    <ClCompile Include="Font.cpp">
      <Filter>Components</Filter>
    </ClCompile>
    <ClCompile Include="Audio.cpp">
      <Filter>Components</Filter>
    </ClCompile>
    <ClCompile Include="BoxCollider.cpp">
      <Filter>Components</Filter>
    </ClCompile>
    <ClCompile Include="Rigidbody.cpp">
      <Filter>Components</Filter>
    </ClCompile>
    <ClCompile Include="BaseCollider.cpp">
      <Filter>Components</Filter>
    </ClCompile>
    <ClCompile Include="BinaryReader.cpp">
      <Filter>Helpers</Filter>
    </ClCompile>
    <ClCompile Include="GameScene.cpp">
      <Filter>GameObject</Filter>
    </ClCompile>
    <ClCompile Include="PhysicsDebugRenderer.cpp">
      <Filter>Rendering</Filter>
    </ClCompile>
    <ClCompile Include="Spritesheet.cpp">
      <Filter>Components</Filter>
    </ClCompile>
    <ClCompile Include="Renderer.cpp">
      <Filter>Rendering</Filter>
    </ClCompile>
    <ClCompile Include="Command.cpp">
      <Filter>Patterns</Filter>
    </ClCompile>
  </ItemGroup>
</Project>